Microsoft Visual Studio Solution File, Format Version 12.00
# Visual Studio 15
VisualStudioVersion = 15.0.26124.0
MinimumVisualStudioVersion = 15.0.26124.0
Project("{2150E333-8FDC-42A3-9474-1A3956D46DE8}") = "src", "src", "{652A04D8-24FB-4A3B-9DDE-DF40B6078149}"
	ProjectSection(SolutionItems) = preProject
		src\paket.references = src\paket.references
	EndProjectSection
EndProject
Project("{2150E333-8FDC-42A3-9474-1A3956D46DE8}") = "paket", "paket", "{A63D8515-EBC8-4525-9F96-13811EBA28F2}"
	ProjectSection(SolutionItems) = preProject
		paket.dependencies = paket.dependencies
	EndProjectSection
EndProject
Project("{2150E333-8FDC-42A3-9474-1A3956D46DE8}") = "tests", "tests", "{9D67CDD0-F0ED-48F2-927A-1E92FA7551DF}"
	ProjectSection(SolutionItems) = preProject
		tests\FSharp.Data.Dapper.Tests\paket.references = tests\FSharp.Data.Dapper.Tests\paket.references
	EndProjectSection
EndProject
Project("{6EC3EE1D-3C4E-46DD-8F32-0CC8E7565705}") = "FSharp.Data.Dapper.Tests", "tests\FSharp.Data.Dapper.Tests\FSharp.Data.Dapper.Tests.fsproj", "{0DF1D365-42AF-4237-B5E2-CE477E62BAF2}"
EndProject
Project("{6EC3EE1D-3C4E-46DD-8F32-0CC8E7565705}") = "FSharp.Data.Dapper", "src\FSharp.Data.Dapper.fsproj", "{3A8D7A7A-D34F-4BBE-BEB3-E64F5F69CA2A}"
EndProject
Global
	GlobalSection(SolutionConfigurationPlatforms) = preSolution
		Debug|Any CPU = Debug|Any CPU
		Debug|x64 = Debug|x64
		Debug|x86 = Debug|x86
		Release|Any CPU = Release|Any CPU
		Release|x64 = Release|x64
		Release|x86 = Release|x86
	EndGlobalSection
	GlobalSection(ProjectConfigurationPlatforms) = postSolution
		{0DF1D365-42AF-4237-B5E2-CE477E62BAF2}.Debug|Any CPU.ActiveCfg = Debug|Any CPU
		{0DF1D365-42AF-4237-B5E2-CE477E62BAF2}.Debug|Any CPU.Build.0 = Debug|Any CPU
		{0DF1D365-42AF-4237-B5E2-CE477E62BAF2}.Debug|x64.ActiveCfg = Debug|Any CPU
		{0DF1D365-42AF-4237-B5E2-CE477E62BAF2}.Debug|x64.Build.0 = Debug|Any CPU
		{0DF1D365-42AF-4237-B5E2-CE477E62BAF2}.Debug|x86.ActiveCfg = Debug|Any CPU
		{0DF1D365-42AF-4237-B5E2-CE477E62BAF2}.Debug|x86.Build.0 = Debug|Any CPU
		{0DF1D365-42AF-4237-B5E2-CE477E62BAF2}.Release|Any CPU.ActiveCfg = Release|Any CPU
		{0DF1D365-42AF-4237-B5E2-CE477E62BAF2}.Release|Any CPU.Build.0 = Release|Any CPU
		{0DF1D365-42AF-4237-B5E2-CE477E62BAF2}.Release|x64.ActiveCfg = Release|Any CPU
		{0DF1D365-42AF-4237-B5E2-CE477E62BAF2}.Release|x64.Build.0 = Release|Any CPU
		{0DF1D365-42AF-4237-B5E2-CE477E62BAF2}.Release|x86.ActiveCfg = Release|Any CPU
		{0DF1D365-42AF-4237-B5E2-CE477E62BAF2}.Release|x86.Build.0 = Release|Any CPU
		{3A8D7A7A-D34F-4BBE-BEB3-E64F5F69CA2A}.Debug|Any CPU.ActiveCfg = Debug|Any CPU
		{3A8D7A7A-D34F-4BBE-BEB3-E64F5F69CA2A}.Debug|Any CPU.Build.0 = Debug|Any CPU
		{3A8D7A7A-D34F-4BBE-BEB3-E64F5F69CA2A}.Debug|x64.ActiveCfg = Debug|Any CPU
		{3A8D7A7A-D34F-4BBE-BEB3-E64F5F69CA2A}.Debug|x64.Build.0 = Debug|Any CPU
		{3A8D7A7A-D34F-4BBE-BEB3-E64F5F69CA2A}.Debug|x86.ActiveCfg = Debug|Any CPU
		{3A8D7A7A-D34F-4BBE-BEB3-E64F5F69CA2A}.Debug|x86.Build.0 = Debug|Any CPU
		{3A8D7A7A-D34F-4BBE-BEB3-E64F5F69CA2A}.Release|Any CPU.ActiveCfg = Release|Any CPU
		{3A8D7A7A-D34F-4BBE-BEB3-E64F5F69CA2A}.Release|Any CPU.Build.0 = Release|Any CPU
		{3A8D7A7A-D34F-4BBE-BEB3-E64F5F69CA2A}.Release|x64.ActiveCfg = Release|Any CPU
		{3A8D7A7A-D34F-4BBE-BEB3-E64F5F69CA2A}.Release|x64.Build.0 = Release|Any CPU
		{3A8D7A7A-D34F-4BBE-BEB3-E64F5F69CA2A}.Release|x86.ActiveCfg = Release|Any CPU
		{3A8D7A7A-D34F-4BBE-BEB3-E64F5F69CA2A}.Release|x86.Build.0 = Release|Any CPU
	EndGlobalSection
	GlobalSection(SolutionProperties) = preSolution
		HideSolutionNode = FALSE
	EndGlobalSection
	GlobalSection(NestedProjects) = preSolution
		{0DF1D365-42AF-4237-B5E2-CE477E62BAF2} = {9D67CDD0-F0ED-48F2-927A-1E92FA7551DF}
		{3A8D7A7A-D34F-4BBE-BEB3-E64F5F69CA2A} = {652A04D8-24FB-4A3B-9DDE-DF40B6078149}
	EndGlobalSection
	GlobalSection(ExtensibilityGlobals) = postSolution
		SolutionGuid = {5CA07ED8-6EA2-4985-A2D2-D8217703197C}
	EndGlobalSection
EndGlobal
